// !$*UTF8*$!
{
	archiveVersion = 1;
	classes = {
	};
	objectVersion = 50;
	objects = {

/* Begin PBXBuildFile section */
		3D6D59A575E71C2A8CB1120E /* Pods_TaskNoorUITests.framework in Frameworks */ = {isa = PBXBuildFile; fileRef = 7BDE14238C90E2F8EE51AFE8 /* Pods_TaskNoorUITests.framework */; };
		6F2FAF8BB0432C17D2CC0492 /* Pods_TaskNoor.framework in Frameworks */ = {isa = PBXBuildFile; fileRef = E9FCAB09A599998AE4800E22 /* Pods_TaskNoor.framework */; };
		D68FA47721C0FEEA0033349D /* AppDelegate.swift in Sources */ = {isa = PBXBuildFile; fileRef = D68FA47621C0FEEA0033349D /* AppDelegate.swift */; };
		D68FA47921C0FEEA0033349D /* ViewController.swift in Sources */ = {isa = PBXBuildFile; fileRef = D68FA47821C0FEEA0033349D /* ViewController.swift */; };
		D68FA47C21C0FEEA0033349D /* Main.storyboard in Resources */ = {isa = PBXBuildFile; fileRef = D68FA47A21C0FEEA0033349D /* Main.storyboard */; };
		D68FA47F21C0FEEA0033349D /* TaskNoor.xcdatamodeld in Sources */ = {isa = PBXBuildFile; fileRef = D68FA47D21C0FEEA0033349D /* TaskNoor.xcdatamodeld */; };
		D68FA48121C0FEF60033349D /* Assets.xcassets in Resources */ = {isa = PBXBuildFile; fileRef = D68FA48021C0FEF60033349D /* Assets.xcassets */; };
		D68FA48421C0FEF60033349D /* LaunchScreen.storyboard in Resources */ = {isa = PBXBuildFile; fileRef = D68FA48221C0FEF60033349D /* LaunchScreen.storyboard */; };
		D68FA48F21C0FEF70033349D /* TaskNoorTests.swift in Sources */ = {isa = PBXBuildFile; fileRef = D68FA48E21C0FEF70033349D /* TaskNoorTests.swift */; };
		D68FA49A21C0FEF70033349D /* TaskNoorUITests.swift in Sources */ = {isa = PBXBuildFile; fileRef = D68FA49921C0FEF70033349D /* TaskNoorUITests.swift */; };
		D68FA4A821C100090033349D /* TVController.swift in Sources */ = {isa = PBXBuildFile; fileRef = D68FA4A721C100090033349D /* TVController.swift */; };
		D68FA4AA21C10A290033349D /* TVCForVeg.swift in Sources */ = {isa = PBXBuildFile; fileRef = D68FA4A921C10A290033349D /* TVCForVeg.swift */; };
		D68FA4AC21C117340033349D /* TVCForFruits.swift in Sources */ = {isa = PBXBuildFile; fileRef = D68FA4AB21C117340033349D /* TVCForFruits.swift */; };
		D68FA4AE21C11E010033349D /* TVCForFlowers.swift in Sources */ = {isa = PBXBuildFile; fileRef = D68FA4AD21C11E010033349D /* TVCForFlowers.swift */; };
		F7601F2AB272D5381C2F6113 /* Pods_TaskNoorTests.framework in Frameworks */ = {isa = PBXBuildFile; fileRef = D0CCC8DCB2278D08A61030B0 /* Pods_TaskNoorTests.framework */; };
/* End PBXBuildFile section */

/* Begin PBXContainerItemProxy section */
		D68FA48B21C0FEF70033349D /* PBXContainerItemProxy */ = {
			isa = PBXContainerItemProxy;
			containerPortal = D68FA46B21C0FEEA0033349D /* Project object */;
			proxyType = 1;
			remoteGlobalIDString = D68FA47221C0FEEA0033349D;
			remoteInfo = TaskNoor;
		};
		D68FA49621C0FEF70033349D /* PBXContainerItemProxy */ = {
			isa = PBXContainerItemProxy;
			containerPortal = D68FA46B21C0FEEA0033349D /* Project object */;
			proxyType = 1;
			remoteGlobalIDString = D68FA47221C0FEEA0033349D;
			remoteInfo = TaskNoor;
		};
/* End PBXContainerItemProxy section */

/* Begin PBXFileReference section */
		466AA0408E38EF41D2718BBB /* Pods-TaskNoorTests.release.xcconfig */ = {isa = PBXFileReference; includeInIndex = 1; lastKnownFileType = text.xcconfig; name = "Pods-TaskNoorTests.release.xcconfig"; path = "Pods/Target Support Files/Pods-TaskNoorTests/Pods-TaskNoorTests.release.xcconfig"; sourceTree = "<group>"; };
		6A8B751935C25ABB4A83C4B6 /* Pods-TaskNoorUITests.release.xcconfig */ = {isa = PBXFileReference; includeInIndex = 1; lastKnownFileType = text.xcconfig; name = "Pods-TaskNoorUITests.release.xcconfig"; path = "Pods/Target Support Files/Pods-TaskNoorUITests/Pods-TaskNoorUITests.release.xcconfig"; sourceTree = "<group>"; };
		7BDE14238C90E2F8EE51AFE8 /* Pods_TaskNoorUITests.framework */ = {isa = PBXFileReference; explicitFileType = wrapper.framework; includeInIndex = 0; path = Pods_TaskNoorUITests.framework; sourceTree = BUILT_PRODUCTS_DIR; };
		BBA2A86AC0EA222FFC498EC2 /* Pods-TaskNoor.release.xcconfig */ = {isa = PBXFileReference; includeInIndex = 1; lastKnownFileType = text.xcconfig; name = "Pods-TaskNoor.release.xcconfig"; path = "Pods/Target Support Files/Pods-TaskNoor/Pods-TaskNoor.release.xcconfig"; sourceTree = "<group>"; };
		C2C345487A2AAF647473388C /* Pods-TaskNoor.debug.xcconfig */ = {isa = PBXFileReference; includeInIndex = 1; lastKnownFileType = text.xcconfig; name = "Pods-TaskNoor.debug.xcconfig"; path = "Pods/Target Support Files/Pods-TaskNoor/Pods-TaskNoor.debug.xcconfig"; sourceTree = "<group>"; };
		CC6144DFD8B1EA6F3B7F5A8D /* Pods-TaskNoorUITests.debug.xcconfig */ = {isa = PBXFileReference; includeInIndex = 1; lastKnownFileType = text.xcconfig; name = "Pods-TaskNoorUITests.debug.xcconfig"; path = "Pods/Target Support Files/Pods-TaskNoorUITests/Pods-TaskNoorUITests.debug.xcconfig"; sourceTree = "<group>"; };
		D0CCC8DCB2278D08A61030B0 /* Pods_TaskNoorTests.framework */ = {isa = PBXFileReference; explicitFileType = wrapper.framework; includeInIndex = 0; path = Pods_TaskNoorTests.framework; sourceTree = BUILT_PRODUCTS_DIR; };
		D68FA47321C0FEEA0033349D /* TaskNoor.app */ = {isa = PBXFileReference; explicitFileType = wrapper.application; includeInIndex = 0; path = TaskNoor.app; sourceTree = BUILT_PRODUCTS_DIR; };
		D68FA47621C0FEEA0033349D /* AppDelegate.swift */ = {isa = PBXFileReference; lastKnownFileType = sourcecode.swift; path = AppDelegate.swift; sourceTree = "<group>"; };
		D68FA47821C0FEEA0033349D /* ViewController.swift */ = {isa = PBXFileReference; lastKnownFileType = sourcecode.swift; path = ViewController.swift; sourceTree = "<group>"; };
		D68FA47B21C0FEEA0033349D /* Base */ = {isa = PBXFileReference; lastKnownFileType = file.storyboard; name = Base; path = Base.lproj/Main.storyboard; sourceTree = "<group>"; };
		D68FA47E21C0FEEA0033349D /* TaskNoor.xcdatamodel */ = {isa = PBXFileReference; lastKnownFileType = wrapper.xcdatamodel; path = TaskNoor.xcdatamodel; sourceTree = "<group>"; };
		D68FA48021C0FEF60033349D /* Assets.xcassets */ = {isa = PBXFileReference; lastKnownFileType = folder.assetcatalog; path = Assets.xcassets; sourceTree = "<group>"; };
		D68FA48321C0FEF60033349D /* Base */ = {isa = PBXFileReference; lastKnownFileType = file.storyboard; name = Base; path = Base.lproj/LaunchScreen.storyboard; sourceTree = "<group>"; };
		D68FA48521C0FEF60033349D /* Info.plist */ = {isa = PBXFileReference; lastKnownFileType = text.plist.xml; path = Info.plist; sourceTree = "<group>"; };
		D68FA48A21C0FEF70033349D /* TaskNoorTests.xctest */ = {isa = PBXFileReference; explicitFileType = wrapper.cfbundle; includeInIndex = 0; path = TaskNoorTests.xctest; sourceTree = BUILT_PRODUCTS_DIR; };
		D68FA48E21C0FEF70033349D /* TaskNoorTests.swift */ = {isa = PBXFileReference; lastKnownFileType = sourcecode.swift; path = TaskNoorTests.swift; sourceTree = "<group>"; };
		D68FA49021C0FEF70033349D /* Info.plist */ = {isa = PBXFileReference; lastKnownFileType = text.plist.xml; path = Info.plist; sourceTree = "<group>"; };
		D68FA49521C0FEF70033349D /* TaskNoorUITests.xctest */ = {isa = PBXFileReference; explicitFileType = wrapper.cfbundle; includeInIndex = 0; path = TaskNoorUITests.xctest; sourceTree = BUILT_PRODUCTS_DIR; };
		D68FA49921C0FEF70033349D /* TaskNoorUITests.swift */ = {isa = PBXFileReference; lastKnownFileType = sourcecode.swift; path = TaskNoorUITests.swift; sourceTree = "<group>"; };
		D68FA49B21C0FEF70033349D /* Info.plist */ = {isa = PBXFileReference; lastKnownFileType = text.plist.xml; path = Info.plist; sourceTree = "<group>"; };
		D68FA4A721C100090033349D /* TVController.swift */ = {isa = PBXFileReference; lastKnownFileType = sourcecode.swift; path = TVController.swift; sourceTree = "<group>"; };
		D68FA4A921C10A290033349D /* TVCForVeg.swift */ = {isa = PBXFileReference; lastKnownFileType = sourcecode.swift; path = TVCForVeg.swift; sourceTree = "<group>"; };
		D68FA4AB21C117340033349D /* TVCForFruits.swift */ = {isa = PBXFileReference; lastKnownFileType = sourcecode.swift; path = TVCForFruits.swift; sourceTree = "<group>"; };
		D68FA4AD21C11E010033349D /* TVCForFlowers.swift */ = {isa = PBXFileReference; lastKnownFileType = sourcecode.swift; path = TVCForFlowers.swift; sourceTree = "<group>"; };
		DC851E0F42E9BAE5E9469AC4 /* Pods-TaskNoorTests.debug.xcconfig */ = {isa = PBXFileReference; includeInIndex = 1; lastKnownFileType = text.xcconfig; name = "Pods-TaskNoorTests.debug.xcconfig"; path = "Pods/Target Support Files/Pods-TaskNoorTests/Pods-TaskNoorTests.debug.xcconfig"; sourceTree = "<group>"; };
		E9FCAB09A599998AE4800E22 /* Pods_TaskNoor.framework */ = {isa = PBXFileReference; explicitFileType = wrapper.framework; includeInIndex = 0; path = Pods_TaskNoor.framework; sourceTree = BUILT_PRODUCTS_DIR; };
/* End PBXFileReference section */

/* Begin PBXFrameworksBuildPhase section */
		D68FA47021C0FEEA0033349D /* Frameworks */ = {
			isa = PBXFrameworksBuildPhase;
			buildActionMask = 2147483647;
			files = (
				6F2FAF8BB0432C17D2CC0492 /* Pods_TaskNoor.framework in Frameworks */,
			);
			runOnlyForDeploymentPostprocessing = 0;
		};
		D68FA48721C0FEF70033349D /* Frameworks */ = {
			isa = PBXFrameworksBuildPhase;
			buildActionMask = 2147483647;
			files = (
				F7601F2AB272D5381C2F6113 /* Pods_TaskNoorTests.framework in Frameworks */,
			);
			runOnlyForDeploymentPostprocessing = 0;
		};
		D68FA49221C0FEF70033349D /* Frameworks */ = {
			isa = PBXFrameworksBuildPhase;
			buildActionMask = 2147483647;
			files = (
				3D6D59A575E71C2A8CB1120E /* Pods_TaskNoorUITests.framework in Frameworks */,
			);
			runOnlyForDeploymentPostprocessing = 0;
		};
/* End PBXFrameworksBuildPhase section */

/* Begin PBXGroup section */
		C1E073A6088EA8C253A3C98B /* Pods */ = {
			isa = PBXGroup;
			children = (
				C2C345487A2AAF647473388C /* Pods-TaskNoor.debug.xcconfig */,
				BBA2A86AC0EA222FFC498EC2 /* Pods-TaskNoor.release.xcconfig */,
				DC851E0F42E9BAE5E9469AC4 /* Pods-TaskNoorTests.debug.xcconfig */,
				466AA0408E38EF41D2718BBB /* Pods-TaskNoorTests.release.xcconfig */,
				CC6144DFD8B1EA6F3B7F5A8D /* Pods-TaskNoorUITests.debug.xcconfig */,
				6A8B751935C25ABB4A83C4B6 /* Pods-TaskNoorUITests.release.xcconfig */,
			);
			name = Pods;
			sourceTree = "<group>";
		};
		D68FA46A21C0FEEA0033349D = {
			isa = PBXGroup;
			children = (
				D68FA4A921C10A290033349D /* TVCForVeg.swift */,
				D68FA4AD21C11E010033349D /* TVCForFlowers.swift */,
				D68FA4AB21C117340033349D /* TVCForFruits.swift */,
				D68FA4A721C100090033349D /* TVController.swift */,
				D68FA47521C0FEEA0033349D /* TaskNoor */,
				D68FA48D21C0FEF70033349D /* TaskNoorTests */,
				D68FA49821C0FEF70033349D /* TaskNoorUITests */,
				D68FA47421C0FEEA0033349D /* Products */,
				C1E073A6088EA8C253A3C98B /* Pods */,
				DC26D00FC5DC010EF2BAD6F1 /* Frameworks */,
			);
			sourceTree = "<group>";
		};
		D68FA47421C0FEEA0033349D /* Products */ = {
			isa = PBXGroup;
			children = (
				D68FA47321C0FEEA0033349D /* TaskNoor.app */,
				D68FA48A21C0FEF70033349D /* TaskNoorTests.xctest */,
				D68FA49521C0FEF70033349D /* TaskNoorUITests.xctest */,
			);
			name = Products;
			sourceTree = "<group>";
		};
		D68FA47521C0FEEA0033349D /* TaskNoor */ = {
			isa = PBXGroup;
			children = (
				D68FA47621C0FEEA0033349D /* AppDelegate.swift */,
				D68FA47821C0FEEA0033349D /* ViewController.swift */,
				D68FA47A21C0FEEA0033349D /* Main.storyboard */,
				D68FA48021C0FEF60033349D /* Assets.xcassets */,
				D68FA48221C0FEF60033349D /* LaunchScreen.storyboard */,
				D68FA48521C0FEF60033349D /* Info.plist */,
				D68FA47D21C0FEEA0033349D /* TaskNoor.xcdatamodeld */,
			);
			path = TaskNoor;
			sourceTree = "<group>";
		};
		D68FA48D21C0FEF70033349D /* TaskNoorTests */ = {
			isa = PBXGroup;
			children = (
				D68FA48E21C0FEF70033349D /* TaskNoorTests.swift */,
				D68FA49021C0FEF70033349D /* Info.plist */,
			);
			path = TaskNoorTests;
			sourceTree = "<group>";
		};
		D68FA49821C0FEF70033349D /* TaskNoorUITests */ = {
			isa = PBXGroup;
			children = (
				D68FA49921C0FEF70033349D /* TaskNoorUITests.swift */,
				D68FA49B21C0FEF70033349D /* Info.plist */,
			);
			path = TaskNoorUITests;
			sourceTree = "<group>";
		};
		DC26D00FC5DC010EF2BAD6F1 /* Frameworks */ = {
			isa = PBXGroup;
			children = (
				E9FCAB09A599998AE4800E22 /* Pods_TaskNoor.framework */,
				D0CCC8DCB2278D08A61030B0 /* Pods_TaskNoorTests.framework */,
				7BDE14238C90E2F8EE51AFE8 /* Pods_TaskNoorUITests.framework */,
			);
			name = Frameworks;
			sourceTree = "<group>";
		};
/* End PBXGroup section */

/* Begin PBXNativeTarget section */
		D68FA47221C0FEEA0033349D /* TaskNoor */ = {
			isa = PBXNativeTarget;
			buildConfigurationList = D68FA49E21C0FEF70033349D /* Build configuration list for PBXNativeTarget "TaskNoor" */;
			buildPhases = (
				97E39A1C72FF6886C4A8A727 /* [CP] Check Pods Manifest.lock */,
				D68FA46F21C0FEEA0033349D /* Sources */,
				D68FA47021C0FEEA0033349D /* Frameworks */,
				D68FA47121C0FEEA0033349D /* Resources */,
				D02F4AC1AD173AB32D325F61 /* [CP] Embed Pods Frameworks */,
			);
			buildRules = (
			);
			dependencies = (
			);
			name = TaskNoor;
			productName = TaskNoor;
			productReference = D68FA47321C0FEEA0033349D /* TaskNoor.app */;
			productType = "com.apple.product-type.application";
		};
		D68FA48921C0FEF70033349D /* TaskNoorTests */ = {
			isa = PBXNativeTarget;
			buildConfigurationList = D68FA4A121C0FEF70033349D /* Build configuration list for PBXNativeTarget "TaskNoorTests" */;
			buildPhases = (
				DE009ADDF873CE3EF421B961 /* [CP] Check Pods Manifest.lock */,
				D68FA48621C0FEF70033349D /* Sources */,
				D68FA48721C0FEF70033349D /* Frameworks */,
				D68FA48821C0FEF70033349D /* Resources */,
			);
			buildRules = (
			);
			dependencies = (
				D68FA48C21C0FEF70033349D /* PBXTargetDependency */,
			);
			name = TaskNoorTests;
			productName = TaskNoorTests;
			productReference = D68FA48A21C0FEF70033349D /* TaskNoorTests.xctest */;
			productType = "com.apple.product-type.bundle.unit-test";
		};
		D68FA49421C0FEF70033349D /* TaskNoorUITests */ = {
			isa = PBXNativeTarget;
			buildConfigurationList = D68FA4A421C0FEF70033349D /* Build configuration list for PBXNativeTarget "TaskNoorUITests" */;
			buildPhases = (
				C56FB2AFE4D7F2EBB0551D92 /* [CP] Check Pods Manifest.lock */,
				D68FA49121C0FEF70033349D /* Sources */,
				D68FA49221C0FEF70033349D /* Frameworks */,
				D68FA49321C0FEF70033349D /* Resources */,
			);
			buildRules = (
			);
			dependencies = (
				D68FA49721C0FEF70033349D /* PBXTargetDependency */,
			);
			name = TaskNoorUITests;
			productName = TaskNoorUITests;
			productReference = D68FA49521C0FEF70033349D /* TaskNoorUITests.xctest */;
			productType = "com.apple.product-type.bundle.ui-testing";
		};
/* End PBXNativeTarget section */

/* Begin PBXProject section */
		D68FA46B21C0FEEA0033349D /* Project object */ = {
			isa = PBXProject;
			attributes = {
				LastSwiftUpdateCheck = 1010;
				LastUpgradeCheck = 1010;
				ORGANIZATIONNAME = "LetMeCall Corp";
				TargetAttributes = {
					D68FA47221C0FEEA0033349D = {
						CreatedOnToolsVersion = 10.1;
					};
					D68FA48921C0FEF70033349D = {
						CreatedOnToolsVersion = 10.1;
						TestTargetID = D68FA47221C0FEEA0033349D;
					};
					D68FA49421C0FEF70033349D = {
						CreatedOnToolsVersion = 10.1;
						TestTargetID = D68FA47221C0FEEA0033349D;
					};
				};
			};
			buildConfigurationList = D68FA46E21C0FEEA0033349D /* Build configuration list for PBXProject "TaskNoor" */;
			compatibilityVersion = "Xcode 9.3";
			developmentRegion = en;
			hasScannedForEncodings = 0;
			knownRegions = (
				en,
				Base,
			);
			mainGroup = D68FA46A21C0FEEA0033349D;
			productRefGroup = D68FA47421C0FEEA0033349D /* Products */;
			projectDirPath = "";
			projectRoot = "";
			targets = (
				D68FA47221C0FEEA0033349D /* TaskNoor */,
				D68FA48921C0FEF70033349D /* TaskNoorTests */,
				D68FA49421C0FEF70033349D /* TaskNoorUITests */,
			);
		};
/* End PBXProject section */

/* Begin PBXResourcesBuildPhase section */
		D68FA47121C0FEEA0033349D /* Resources */ = {
			isa = PBXResourcesBuildPhase;
			buildActionMask = 2147483647;
			files = (
				D68FA48421C0FEF60033349D /* LaunchScreen.storyboard in Resources */,
				D68FA48121C0FEF60033349D /* Assets.xcassets in Resources */,
				D68FA47C21C0FEEA0033349D /* Main.storyboard in Resources */,
			);
			runOnlyForDeploymentPostprocessing = 0;
		};
		D68FA48821C0FEF70033349D /* Resources */ = {
			isa = PBXResourcesBuildPhase;
			buildActionMask = 2147483647;
			files = (
			);
			runOnlyForDeploymentPostprocessing = 0;
		};
		D68FA49321C0FEF70033349D /* Resources */ = {
			isa = PBXResourcesBuildPhase;
			buildActionMask = 2147483647;
			files = (
			);
			runOnlyForDeploymentPostprocessing = 0;
		};
/* End PBXResourcesBuildPhase section */

/* Begin PBXShellScriptBuildPhase section */
		97E39A1C72FF6886C4A8A727 /* [CP] Check Pods Manifest.lock */ = {
			isa = PBXShellScriptBuildPhase;
			buildActionMask = 2147483647;
			files = (
			);
			inputFileListPaths = (
			);
			inputPaths = (
				"${PODS_PODFILE_DIR_PATH}/Podfile.lock",
				"${PODS_ROOT}/Manifest.lock",
			);
			name = "[CP] Check Pods Manifest.lock";
			outputFileListPaths = (
			);
			outputPaths = (
				"$(DERIVED_FILE_DIR)/Pods-TaskNoor-checkManifestLockResult.txt",
			);
			runOnlyForDeploymentPostprocessing = 0;
			shellPath = /bin/sh;
			shellScript = "diff \"${PODS_PODFILE_DIR_PATH}/Podfile.lock\" \"${PODS_ROOT}/Manifest.lock\" > /dev/null\nif [ $? != 0 ] ; then\n    # print error to STDERR\n    echo \"error: The sandbox is not in sync with the Podfile.lock. Run 'pod install' or update your CocoaPods installation.\" >&2\n    exit 1\nfi\n# This output is used by Xcode 'outputs' to avoid re-running this script phase.\necho \"SUCCESS\" > \"${SCRIPT_OUTPUT_FILE_0}\"\n";
			showEnvVarsInLog = 0;
		};
		C56FB2AFE4D7F2EBB0551D92 /* [CP] Check Pods Manifest.lock */ = {
			isa = PBXShellScriptBuildPhase;
			buildActionMask = 2147483647;
			files = (
			);
			inputFileListPaths = (
			);
			inputPaths = (
				"${PODS_PODFILE_DIR_PATH}/Podfile.lock",
				"${PODS_ROOT}/Manifest.lock",
			);
			name = "[CP] Check Pods Manifest.lock";
			outputFileListPaths = (
			);
			outputPaths = (
				"$(DERIVED_FILE_DIR)/Pods-TaskNoorUITests-checkManifestLockResult.txt",
			);
			runOnlyForDeploymentPostprocessing = 0;
			shellPath = /bin/sh;
			shellScript = "diff \"${PODS_PODFILE_DIR_PATH}/Podfile.lock\" \"${PODS_ROOT}/Manifest.lock\" > /dev/null\nif [ $? != 0 ] ; then\n    # print error to STDERR\n    echo \"error: The sandbox is not in sync with the Podfile.lock. Run 'pod install' or update your CocoaPods installation.\" >&2\n    exit 1\nfi\n# This output is used by Xcode 'outputs' to avoid re-running this script phase.\necho \"SUCCESS\" > \"${SCRIPT_OUTPUT_FILE_0}\"\n";
			showEnvVarsInLog = 0;
		};
		D02F4AC1AD173AB32D325F61 /* [CP] Embed Pods Frameworks */ = {
			isa = PBXShellScriptBuildPhase;
			buildActionMask = 2147483647;
			files = (
			);
			inputFileListPaths = (
			);
			inputPaths = (
				"${SRCROOT}/Pods/Target Support Files/Pods-TaskNoor/Pods-TaskNoor-frameworks.sh",
				"${BUILT_PRODUCTS_DIR}/Realm/Realm.framework",
				"${BUILT_PRODUCTS_DIR}/RealmSwift/RealmSwift.framework",
			);
			name = "[CP] Embed Pods Frameworks";
			outputFileListPaths = (
			);
			outputPaths = (
				"${TARGET_BUILD_DIR}/${FRAMEWORKS_FOLDER_PATH}/Realm.framework",
				"${TARGET_BUILD_DIR}/${FRAMEWORKS_FOLDER_PATH}/RealmSwift.framework",
			);
			runOnlyForDeploymentPostprocessing = 0;
			shellPath = /bin/sh;
			shellScript = "\"${SRCROOT}/Pods/Target Support Files/Pods-TaskNoor/Pods-TaskNoor-frameworks.sh\"\n";
			showEnvVarsInLog = 0;
		};
		DE009ADDF873CE3EF421B961 /* [CP] Check Pods Manifest.lock */ = {
			isa = PBXShellScriptBuildPhase;
			buildActionMask = 2147483647;
			files = (
			);
			inputFileListPaths = (
			);
			inputPaths = (
				"${PODS_PODFILE_DIR_PATH}/Podfile.lock",
				"${PODS_ROOT}/Manifest.lock",
			);
			name = "[CP] Check Pods Manifest.lock";
			outputFileListPaths = (
			);
			outputPaths = (
				"$(DERIVED_FILE_DIR)/Pods-TaskNoorTests-checkManifestLockResult.txt",
			);
			runOnlyForDeploymentPostprocessing = 0;
			shellPath = /bin/sh;
			shellScript = "diff \"${PODS_PODFILE_DIR_PATH}/Podfile.lock\" \"${PODS_ROOT}/Manifest.lock\" > /dev/null\nif [ $? != 0 ] ; then\n    # print error to STDERR\n    echo \"error: The sandbox is not in sync with the Podfile.lock. Run 'pod install' or update your CocoaPods installation.\" >&2\n    exit 1\nfi\n# This output is used by Xcode 'outputs' to avoid re-running this script phase.\necho \"SUCCESS\" > \"${SCRIPT_OUTPUT_FILE_0}\"\n";
			showEnvVarsInLog = 0;
		};
/* End PBXShellScriptBuildPhase section */

/* Begin PBXSourcesBuildPhase section */
		D68FA46F21C0FEEA0033349D /* Sources */ = {
			isa = PBXSourcesBuildPhase;
			buildActionMask = 2147483647;
			files = (
				D68FA4AA21C10A290033349D /* TVCForVeg.swift in Sources */,
				D68FA47921C0FEEA0033349D /* ViewController.swift in Sources */,
				D68FA4AC21C117340033349D /* TVCForFruits.swift in Sources */,
				D68FA47721C0FEEA0033349D /* AppDelegate.swift in Sources */,
				D68FA47F21C0FEEA0033349D /* TaskNoor.xcdatamodeld in Sources */,
				D68FA4AE21C11E010033349D /* TVCForFlowers.swift in Sources */,
				D68FA4A821C100090033349D /* TVController.swift in Sources */,
			);
			runOnlyForDeploymentPostprocessing = 0;
		};
		D68FA48621C0FEF70033349D /* Sources */ = {
			isa = PBXSourcesBuildPhase;
			buildActionMask = 2147483647;
			files = (
				D68FA48F21C0FEF70033349D /* TaskNoorTests.swift in Sources */,
			);
			runOnlyForDeploymentPostprocessing = 0;
		};
		D68FA49121C0FEF70033349D /* Sources */ = {
			isa = PBXSourcesBuildPhase;
			buildActionMask = 2147483647;
			files = (
				D68FA49A21C0FEF70033349D /* TaskNoorUITests.swift in Sources */,
			);
			runOnlyForDeploymentPostprocessing = 0;
		};
/* End PBXSourcesBuildPhase section */

/* Begin PBXTargetDependency section */
		D68FA48C21C0FEF70033349D /* PBXTargetDependency */ = {
			isa = PBXTargetDependency;
			target = D68FA47221C0FEEA0033349D /* TaskNoor */;
			targetProxy = D68FA48B21C0FEF70033349D /* PBXContainerItemProxy */;
		};
		D68FA49721C0FEF70033349D /* PBXTargetDependency */ = {
			isa = PBXTargetDependency;
			target = D68FA47221C0FEEA0033349D /* TaskNoor */;
			targetProxy = D68FA49621C0FEF70033349D /* PBXContainerItemProxy */;
		};
/* End PBXTargetDependency section */

/* Begin PBXVariantGroup section */
		D68FA47A21C0FEEA0033349D /* Main.storyboard */ = {
			isa = PBXVariantGroup;
			children = (
				D68FA47B21C0FEEA0033349D /* Base */,
			);
			name = Main.storyboard;
			sourceTree = "<group>";
		};
		D68FA48221C0FEF60033349D /* LaunchScreen.storyboard */ = {
			isa = PBXVariantGroup;
			children = (
				D68FA48321C0FEF60033349D /* Base */,
			);
			name = LaunchScreen.storyboard;
			sourceTree = "<group>";
		};
/* End PBXVariantGroup section */

/* Begin XCBuildConfiguration section */
		D68FA49C21C0FEF70033349D /* Debug */ = {
			isa = XCBuildConfiguration;
			buildSettings = {
				ALWAYS_SEARCH_USER_PATHS = NO;
				CLANG_ANALYZER_NONNULL = YES;
				CLANG_ANALYZER_NUMBER_OBJECT_CONVERSION = YES_AGGRESSIVE;
				CLANG_CXX_LANGUAGE_STANDARD = "gnu++14";
				CLANG_CXX_LIBRARY = "libc++";
				CLANG_ENABLE_MODULES = YES;
				CLANG_ENABLE_OBJC_ARC = YES;
				CLANG_ENABLE_OBJC_WEAK = YES;
				CLANG_WARN_BLOCK_CAPTURE_AUTORELEASING = YES;
				CLANG_WARN_BOOL_CONVERSION = YES;
				CLANG_WARN_COMMA = YES;
				CLANG_WARN_CONSTANT_CONVERSION = YES;
				CLANG_WARN_DEPRECATED_OBJC_IMPLEMENTATIONS = YES;
				CLANG_WARN_DIRECT_OBJC_ISA_USAGE = YES_ERROR;
				CLANG_WARN_DOCUMENTATION_COMMENTS = YES;
				CLANG_WARN_EMPTY_BODY = YES;
				CLANG_WARN_ENUM_CONVERSION = YES;
				CLANG_WARN_INFINITE_RECURSION = YES;
				CLANG_WARN_INT_CONVERSION = YES;
				CLANG_WARN_NON_LITERAL_NULL_CONVERSION = YES;
				CLANG_WARN_OBJC_IMPLICIT_RETAIN_SELF = YES;
				CLANG_WARN_OBJC_LITERAL_CONVERSION = YES;
				CLANG_WARN_OBJC_ROOT_CLASS = YES_ERROR;
				CLANG_WARN_RANGE_LOOP_ANALYSIS = YES;
				CLANG_WARN_STRICT_PROTOTYPES = YES;
				CLANG_WARN_SUSPICIOUS_MOVE = YES;
				CLANG_WARN_UNGUARDED_AVAILABILITY = YES_AGGRESSIVE;
				CLANG_WARN_UNREACHABLE_CODE = YES;
				CLANG_WARN__DUPLICATE_METHOD_MATCH = YES;
				CODE_SIGN_IDENTITY = "iPhone Developer";
				COPY_PHASE_STRIP = NO;
				DEBUG_INFORMATION_FORMAT = dwarf;
				ENABLE_STRICT_OBJC_MSGSEND = YES;
				ENABLE_TESTABILITY = YES;
				GCC_C_LANGUAGE_STANDARD = gnu11;
				GCC_DYNAMIC_NO_PIC = NO;
				GCC_NO_COMMON_BLOCKS = YES;
				GCC_OPTIMIZATION_LEVEL = 0;
				GCC_PREPROCESSOR_DEFINITIONS = (
					"DEBUG=1",
					"$(inherited)",
				);
				GCC_WARN_64_TO_32_BIT_CONVERSION = YES;
				GCC_WARN_ABOUT_RETURN_TYPE = YES_ERROR;
				GCC_WARN_UNDECLARED_SELECTOR = YES;
				GCC_WARN_UNINITIALIZED_AUTOS = YES_AGGRESSIVE;
				GCC_WARN_UNUSED_FUNCTION = YES;
				GCC_WARN_UNUSED_VARIABLE = YES;
				IPHONEOS_DEPLOYMENT_TARGET = 12.1;
				MTL_ENABLE_DEBUG_INFO = INCLUDE_SOURCE;
				MTL_FAST_MATH = YES;
				ONLY_ACTIVE_ARCH = YES;
				SDKROOT = iphoneos;
				SWIFT_ACTIVE_COMPILATION_CONDITIONS = DEBUG;
				SWIFT_OPTIMIZATION_LEVEL = "-Onone";
			};
			name = Debug;
		};
		D68FA49D21C0FEF70033349D /* Release */ = {
			isa = XCBuildConfiguration;
			buildSettings = {
				ALWAYS_SEARCH_USER_PATHS = NO;
				CLANG_ANALYZER_NONNULL = YES;
				CLANG_ANALYZER_NUMBER_OBJECT_CONVERSION = YES_AGGRESSIVE;
				CLANG_CXX_LANGUAGE_STANDARD = "gnu++14";
				CLANG_CXX_LIBRARY = "libc++";
				CLANG_ENABLE_MODULES = YES;
				CLANG_ENABLE_OBJC_ARC = YES;
				CLANG_ENABLE_OBJC_WEAK = YES;
				CLANG_WARN_BLOCK_CAPTURE_AUTORELEASING = YES;
				CLANG_WARN_BOOL_CONVERSION = YES;
				CLANG_WARN_COMMA = YES;
				CLANG_WARN_CONSTANT_CONVERSION = YES;
				CLANG_WARN_DEPRECATED_OBJC_IMPLEMENTATIONS = YES;
				CLANG_WARN_DIRECT_OBJC_ISA_USAGE = YES_ERROR;
				CLANG_WARN_DOCUMENTATION_COMMENTS = YES;
				CLANG_WARN_EMPTY_BODY = YES;
				CLANG_WARN_ENUM_CONVERSION = YES;
				CLANG_WARN_INFINITE_RECURSION = YES;
				CLANG_WARN_INT_CONVERSION = YES;
				CLANG_WARN_NON_LITERAL_NULL_CONVERSION = YES;
				CLANG_WARN_OBJC_IMPLICIT_RETAIN_SELF = YES;
				CLANG_WARN_OBJC_LITERAL_CONVERSION = YES;
				CLANG_WARN_OBJC_ROOT_CLASS = YES_ERROR;
				CLANG_WARN_RANGE_LOOP_ANALYSIS = YES;
				CLANG_WARN_STRICT_PROTOTYPES = YES;
				CLANG_WARN_SUSPICIOUS_MOVE = YES;
				CLANG_WARN_UNGUARDED_AVAILABILITY = YES_AGGRESSIVE;
				CLANG_WARN_UNREACHABLE_CODE = YES;
				CLANG_WARN__DUPLICATE_METHOD_MATCH = YES;
				CODE_SIGN_IDENTITY = "iPhone Developer";
				COPY_PHASE_STRIP = NO;
				DEBUG_INFORMATION_FORMAT = "dwarf-with-dsym";
				ENABLE_NS_ASSERTIONS = NO;
				ENABLE_STRICT_OBJC_MSGSEND = YES;
				GCC_C_LANGUAGE_STANDARD = gnu11;
				GCC_NO_COMMON_BLOCKS = YES;
				GCC_WARN_64_TO_32_BIT_CONVERSION = YES;
				GCC_WARN_ABOUT_RETURN_TYPE = YES_ERROR;
				GCC_WARN_UNDECLARED_SELECTOR = YES;
				GCC_WARN_UNINITIALIZED_AUTOS = YES_AGGRESSIVE;
				GCC_WARN_UNUSED_FUNCTION = YES;
				GCC_WARN_UNUSED_VARIABLE = YES;
				IPHONEOS_DEPLOYMENT_TARGET = 12.1;
				MTL_ENABLE_DEBUG_INFO = NO;
				MTL_FAST_MATH = YES;
				SDKROOT = iphoneos;
				SWIFT_COMPILATION_MODE = wholemodule;
				SWIFT_OPTIMIZATION_LEVEL = "-O";
				VALIDATE_PRODUCT = YES;
			};
			name = Release;
		};
		D68FA49F21C0FEF70033349D /* Debug */ = {
			isa = XCBuildConfiguration;
			baseConfigurationReference = C2C345487A2AAF647473388C /* Pods-TaskNoor.debug.xcconfig */;
			buildSettings = {
				ASSETCATALOG_COMPILER_APPICON_NAME = AppIcon;
				CODE_SIGN_STYLE = Automatic;
				INFOPLIST_FILE = TaskNoor/Info.plist;
				LD_RUNPATH_SEARCH_PATHS = (
					"$(inherited)",
					"@executable_path/Frameworks",
				);
				PRODUCT_BUNDLE_IDENTIFIER = LetMeCall.TaskNoor;
				PRODUCT_NAME = "$(TARGET_NAME)";
				SWIFT_VERSION = 4.2;
				TARGETED_DEVICE_FAMILY = "1,2";
			};
			name = Debug;
		};
		D68FA4A021C0FEF70033349D /* Release */ = {
			isa = XCBuildConfiguration;
			baseConfigurationReference = BBA2A86AC0EA222FFC498EC2 /* Pods-TaskNoor.release.xcconfig */;
			buildSettings = {
				ASSETCATALOG_COMPILER_APPICON_NAME = AppIcon;
				CODE_SIGN_STYLE = Automatic;
				INFOPLIST_FILE = TaskNoor/Info.plist;
				LD_RUNPATH_SEARCH_PATHS = (
					"$(inherited)",
					"@executable_path/Frameworks",
				);
				PRODUCT_BUNDLE_IDENTIFIER = LetMeCall.TaskNoor;
				PRODUCT_NAME = "$(TARGET_NAME)";
				SWIFT_VERSION = 4.2;
				TARGETED_DEVICE_FAMILY = "1,2";
			};
			name = Release;
		};
		D68FA4A221C0FEF70033349D /* Debug */ = {
			isa = XCBuildConfiguration;
			baseConfigurationReference = DC851E0F42E9BAE5E9469AC4 /* Pods-TaskNoorTests.debug.xcconfig */;
			buildSettings = {
				ALWAYS_EMBED_SWIFT_STANDARD_LIBRARIES = YES;
				BUNDLE_LOADER = "$(TEST_HOST)";
				CODE_SIGN_STYLE = Automatic;
				INFOPLIST_FILE = TaskNoorTests/Info.plist;
				LD_RUNPATH_SEARCH_PATHS = (
					"$(inherited)",
					"@executable_path/Frameworks",
					"@loader_path/Frameworks",
				);
				PRODUCT_BUNDLE_IDENTIFIER = LetMeCall.TaskNoorTests;
				PRODUCT_NAME = "$(TARGET_NAME)";
				SWIFT_VERSION = 4.2;
				TARGETED_DEVICE_FAMILY = "1,2";
				TEST_HOST = "$(BUILT_PRODUCTS_DIR)/TaskNoor.app/TaskNoor";
			};
			name = Debug;
		};
		D68FA4A321C0FEF70033349D /* Release */ = {
			isa = XCBuildConfiguration;
			baseConfigurationReference = 466AA0408E38EF41D2718BBB /* Pods-TaskNoorTests.release.xcconfig */;
			buildSettings = {
				ALWAYS_EMBED_SWIFT_STANDARD_LIBRARIES = YES;
				BUNDLE_LOADER = "$(TEST_HOST)";
				CODE_SIGN_STYLE = Automatic;
				INFOPLIST_FILE = TaskNoorTests/Info.plist;
				LD_RUNPATH_SEARCH_PATHS = (
					"$(inherited)",
					"@executable_path/Frameworks",
					"@loader_path/Frameworks",
				);
				PRODUCT_BUNDLE_IDENTIFIER = LetMeCall.TaskNoorTests;
				PRODUCT_NAME = "$(TARGET_NAME)";
				SWIFT_VERSION = 4.2;
				TARGETED_DEVICE_FAMILY = "1,2";
				TEST_HOST = "$(BUILT_PRODUCTS_DIR)/TaskNoor.app/TaskNoor";
			};
			name = Release;
		};
		D68FA4A521C0FEF70033349D /* Debug */ = {
			isa = XCBuildConfiguration;
			baseConfigurationReference = CC6144DFD8B1EA6F3B7F5A8D /* Pods-TaskNoorUITests.debug.xcconfig */;
			buildSettings = {
				ALWAYS_EMBED_SWIFT_STANDARD_LIBRARIES = YES;
				CODE_SIGN_STYLE = Automatic;
				INFOPLIST_FILE = TaskNoorUITests/Info.plist;
				LD_RUNPATH_SEARCH_PATHS = (
					"$(inherited)",
					"@executable_path/Frameworks",
					"@loader_path/Frameworks",
				);
				PRODUCT_BUNDLE_IDENTIFIER = LetMeCall.TaskNoorUITests;
				PRODUCT_NAME = "$(TARGET_NAME)";
				SWIFT_VERSION = 4.2;
				TARGETED_DEVICE_FAMILY = "1,2";
				TEST_TARGET_NAME = TaskNoor;
			};
			name = Debug;
		};
		D68FA4A621C0FEF70033349D /* Release */ = {
			isa = XCBuildConfiguration;
			baseConfigurationReference = 6A8B751935C25ABB4A83C4B6 /* Pods-TaskNoorUITests.release.xcconfig */;
			buildSettings = {
				ALWAYS_EMBED_SWIFT_STANDARD_LIBRARIES = YES;
				CODE_SIGN_STYLE = Automatic;
				INFOPLIST_FILE = TaskNoorUITests/Info.plist;
				LD_RUNPATH_SEARCH_PATHS = (
					"$(inherited)",
					"@executable_path/Frameworks",
					"@loader_path/Frameworks",
				);
				PRODUCT_BUNDLE_IDENTIFIER = LetMeCall.TaskNoorUITests;
				PRODUCT_NAME = "$(TARGET_NAME)";
				SWIFT_VERSION = 4.2;
				TARGETED_DEVICE_FAMILY = "1,2";
				TEST_TARGET_NAME = TaskNoor;
			};
			name = Release;
		};
/* End XCBuildConfiguration section */

/* Begin XCConfigurationList section */
		D68FA46E21C0FEEA0033349D /* Build configuration list for PBXProject "TaskNoor" */ = {
			isa = XCConfigurationList;
			buildConfigurations = (
				D68FA49C21C0FEF70033349D /* Debug */,
				D68FA49D21C0FEF70033349D /* Release */,
			);
			defaultConfigurationIsVisible = 0;
			defaultConfigurationName = Release;
		};
		D68FA49E21C0FEF70033349D /* Build configuration list for PBXNativeTarget "TaskNoor" */ = {
			isa = XCConfigurationList;
			buildConfigurations = (
				D68FA49F21C0FEF70033349D /* Debug */,
				D68FA4A021C0FEF70033349D /* Release */,
			);
			defaultConfigurationIsVisible = 0;
			defaultConfigurationName = Release;
		};
		D68FA4A121C0FEF70033349D /* Build configuration list for PBXNativeTarget "TaskNoorTests" */ = {
			isa = XCConfigurationList;
			buildConfigurations = (
				D68FA4A221C0FEF70033349D /* Debug */,
				D68FA4A321C0FEF70033349D /* Release */,
			);
			defaultConfigurationIsVisible = 0;
			defaultConfigurationName = Release;
		};
		D68FA4A421C0FEF70033349D /* Build configuration list for PBXNativeTarget "TaskNoorUITests" */ = {
			isa = XCConfigurationList;
			buildConfigurations = (
				D68FA4A521C0FEF70033349D /* Debug */,
				D68FA4A621C0FEF70033349D /* Release */,
			);
			defaultConfigurationIsVisible = 0;
			defaultConfigurationName = Release;
		};
/* End XCConfigurationList section */

/* Begin XCVersionGroup section */
		D68FA47D21C0FEEA0033349D /* TaskNoor.xcdatamodeld */ = {
			isa = XCVersionGroup;
			children = (
				D68FA47E21C0FEEA0033349D /* TaskNoor.xcdatamodel */,
			);
			currentVersion = D68FA47E21C0FEEA0033349D /* TaskNoor.xcdatamodel */;
			path = TaskNoor.xcdatamodeld;
			sourceTree = "<group>";
			versionGroupType = wrapper.xcdatamodel;
		};
/* End XCVersionGroup section */
	};
	rootObject = D68FA46B21C0FEEA0033349D /* Project object */;
}
